schema: '2.0'
stages:
  get_data:
    cmd: python training/get_data.py
    deps:
    - path: training/get_data.py
      hash: md5
      md5: f51092c1b091e1c6681046ac34b573ae
      size: 170
  preprocess:
    cmd: python training/preprocessing.py
    deps:
    - path: training/preprocessing.py
      hash: md5
      md5: f6c03d361aad04c8523668dc844535af
      size: 631
    outs:
    - path: output/corpus.jbl
      hash: md5
      md5: 0a3d0a1186d497f10f6386d1b6128806
      size: 52873
    - path: output/labels.jbl
      hash: md5
      md5: ac35b1db244501fc47c46a01943edece
      size: 17201
  vectorize:
    cmd: VECTORIZER_MAX_FEATURES=1420 TEST_SIZE=0.20 RNG_STATE=42 python training/build_vectorizer.py
    deps:
    - path: training/build_vectorizer.py
      hash: md5
      md5: a52a8c93edadec9bd1c2a6be60393b52
      size: 1163
    outs:
    - path: output/splits/X_test.jbl
      hash: md5
      md5: cc6ac28fcd8f1ee8c1bd73a9bdb34e81
      size: 2045041
    - path: output/splits/X_train.jbl
      hash: md5
      md5: 4e261c0acea445cd1e78ee4161d911be
      size: 8179441
    - path: output/splits/y_test.jbl
      hash: md5
      md5: 5b62246a647caffc0f34b6bfcccd6d85
      size: 3521
    - path: output/splits/y_train.jbl
      hash: md5
      md5: acb039f01b537270cbbb180f012669f7
      size: 13781
    - path: output/vectorizer.jbl
      hash: md5
      md5: 3c1c6568df0b37609bc737d7c6eb0693
      size: 53584
  train_model:
    cmd: python src/train_model.py
    deps:
    - path: src/train_model.py
      hash: md5
      md5: 72a1aeb2bd8bef4e881d68d3dc35150d
      size: 305
    outs:
    - path: output/model.jbl
      hash: md5
      md5: 9e790da96c29cde291945ba5a313983b
      size: 46215
  train:
    cmd: python training/train_model.py
    deps:
    - path: training/train_model.py
      hash: md5
      md5: ec42bf26fcce53e0dbe159772be5ef3c
      size: 557
    outs:
    - path: output/model.jbl
      hash: md5
      md5: 9e790da96c29cde291945ba5a313983b
      size: 46215
  analyze:
    cmd: python training/get_metrics.py
    deps:
    - path: training/get_metrics.py
      hash: md5
      md5: 288a5ce9fc6213e458b45ed951f2d807
      size: 781
    outs:
    - path: output/metrics.json
      hash: md5
      md5: 84e0bf5bef983ea4a057abb70cf4ed5c
      size: 115
